
Microsoft Visual Studio Solution File, Format Version 12.00
# Visual Studio Version 17
VisualStudioVersion = 17.3.32825.248
MinimumVisualStudioVersion = 10.0.40219.1
Project("{FAE04EC0-301F-11D3-BF4B-00C04F79EFBC}") = "UpdateProjectVersion", "UpdateProjectVersion.csproj", "{C0FA0071-C1ED-4C78-89D8-85CCEF2772CB}"
EndProject
Global
	GlobalSection(SolutionConfigurationPlatforms) = preSolution
		Debug|Any CPU = Debug|Any CPU
		Release|Any CPU = Release|Any CPU
	EndGlobalSection
	GlobalSection(ProjectConfigurationPlatforms) = postSolution
		{C0FA0071-C1ED-4C78-89D8-85CCEF2772CB}.Debug|Any CPU.ActiveCfg = Debug|Any CPU
		{C0FA0071-C1ED-4C78-89D8-85CCEF2772CB}.Debug|Any CPU.Build.0 = Debug|Any CPU
		{C0FA0071-C1ED-4C78-89D8-85CCEF2772CB}.Release|Any CPU.ActiveCfg = Release|Any CPU
		{C0FA0071-C1ED-4C78-89D8-85CCEF2772CB}.Release|Any CPU.Build.0 = Release|Any CPU
	EndGlobalSection
	GlobalSection(SolutionProperties) = preSolution
		HideSolutionNode = FALSE
	EndGlobalSection
	GlobalSection(ExtensibilityGlobals) = postSolution
		SolutionGuid = {0716C8CA-4F74-4BA5-821D-369B873253B6}
	EndGlobalSection
EndGlobal
